// !$*UTF8*$!
{
	archiveVersion = 1;
	classes = {
	};
	objectVersion = 51;
	objects = {

/* Begin PBXBuildFile section */
		2C3745EE2396E55100B046B0 /* MenuViewController.swift in Sources */ = {isa = PBXBuildFile; fileRef = 2C3745ED2396E55100B046B0 /* MenuViewController.swift */; };
		2C3745F02396E59600B046B0 /* MenuView.swift in Sources */ = {isa = PBXBuildFile; fileRef = 2C3745EF2396E59600B046B0 /* MenuView.swift */; };
		2C8BD44123A549CF00BF52B2 /* MenuViewModelImpl.swift in Sources */ = {isa = PBXBuildFile; fileRef = 2C8BD44023A549CF00BF52B2 /* MenuViewModelImpl.swift */; };
		2C8BD44323A549E800BF52B2 /* MenuViewModel.swift in Sources */ = {isa = PBXBuildFile; fileRef = 2C8BD44223A549E800BF52B2 /* MenuViewModel.swift */; };
		2CBED7AA23A53AFA002F80C1 /* Router.swift in Sources */ = {isa = PBXBuildFile; fileRef = 2CBED7A923A53AFA002F80C1 /* Router.swift */; };
		2CBED7AC23A53B0E002F80C1 /* RouterImpl.swift in Sources */ = {isa = PBXBuildFile; fileRef = 2CBED7AB23A53B0E002F80C1 /* RouterImpl.swift */; };
		2CBED7AE23A53B7F002F80C1 /* ModuleBuilder.swift in Sources */ = {isa = PBXBuildFile; fileRef = 2CBED7AD23A53B7F002F80C1 /* ModuleBuilder.swift */; };
		2CBED7B523A541E0002F80C1 /* ListeningViewController.swift in Sources */ = {isa = PBXBuildFile; fileRef = 2CBED7B423A541E0002F80C1 /* ListeningViewController.swift */; };
		2CBED7B723A5424D002F80C1 /* RouteStep.swift in Sources */ = {isa = PBXBuildFile; fileRef = 2CBED7B623A5424D002F80C1 /* RouteStep.swift */; };
		2CBED7B923A5426A002F80C1 /* RouteStepImpl.swift in Sources */ = {isa = PBXBuildFile; fileRef = 2CBED7B823A5426A002F80C1 /* RouteStepImpl.swift */; };
		2CBEE93923A5446C002F80C1 /* ListeningBuilder.swift in Sources */ = {isa = PBXBuildFile; fileRef = 2CBEE93823A5446C002F80C1 /* ListeningBuilder.swift */; };
		2CC3F485237807EB00FA157C /* AppDelegate.swift in Sources */ = {isa = PBXBuildFile; fileRef = 2CC3F484237807EB00FA157C /* AppDelegate.swift */; };
		2CC3F487237807EB00FA157C /* ViewController.swift in Sources */ = {isa = PBXBuildFile; fileRef = 2CC3F486237807EB00FA157C /* ViewController.swift */; };
		2CC3F48C237807EC00FA157C /* Assets.xcassets in Resources */ = {isa = PBXBuildFile; fileRef = 2CC3F48B237807EC00FA157C /* Assets.xcassets */; };
		2CC3F48F237807EC00FA157C /* LaunchScreen.storyboard in Resources */ = {isa = PBXBuildFile; fileRef = 2CC3F48D237807EC00FA157C /* LaunchScreen.storyboard */; };
		2CC3F49A237807EC00FA157C /* SDRlingTests.swift in Sources */ = {isa = PBXBuildFile; fileRef = 2CC3F499237807EC00FA157C /* SDRlingTests.swift */; };
		2CDFC6A523E49E1300C8FA2C /* ListeningView.swift in Sources */ = {isa = PBXBuildFile; fileRef = 2CDFC6A423E49E1300C8FA2C /* ListeningView.swift */; };
		A5BC85AE12CA7AF6E01EF123 /* Pods_SDRling.framework in Frameworks */ = {isa = PBXBuildFile; fileRef = B780262D92359B6FF2BFC80B /* Pods_SDRling.framework */; };
		FF0EB4F689F0477C117B1FB1 /* Pods_SDRlingTests.framework in Frameworks */ = {isa = PBXBuildFile; fileRef = 1637BBD6D49F6F7209EB987F /* Pods_SDRlingTests.framework */; };
/* End PBXBuildFile section */

/* Begin PBXContainerItemProxy section */
		2CC3F496237807EC00FA157C /* PBXContainerItemProxy */ = {
			isa = PBXContainerItemProxy;
			containerPortal = 2CC3F479237807EB00FA157C /* Project object */;
			proxyType = 1;
			remoteGlobalIDString = 2CC3F480237807EB00FA157C;
			remoteInfo = SDRling;
		};
/* End PBXContainerItemProxy section */

/* Begin PBXFileReference section */
		0895EBED3A3DDE4E4150F947 /* Pods-SDRling.release.xcconfig */ = {isa = PBXFileReference; includeInIndex = 1; lastKnownFileType = text.xcconfig; name = "Pods-SDRling.release.xcconfig"; path = "Target Support Files/Pods-SDRling/Pods-SDRling.release.xcconfig"; sourceTree = "<group>"; };
		1637BBD6D49F6F7209EB987F /* Pods_SDRlingTests.framework */ = {isa = PBXFileReference; explicitFileType = wrapper.framework; includeInIndex = 0; path = Pods_SDRlingTests.framework; sourceTree = BUILT_PRODUCTS_DIR; };
		26B434C564366B284C975CF0 /* Pods-SDRlingTests.debug.xcconfig */ = {isa = PBXFileReference; includeInIndex = 1; lastKnownFileType = text.xcconfig; name = "Pods-SDRlingTests.debug.xcconfig"; path = "Target Support Files/Pods-SDRlingTests/Pods-SDRlingTests.debug.xcconfig"; sourceTree = "<group>"; };
		2C3745ED2396E55100B046B0 /* MenuViewController.swift */ = {isa = PBXFileReference; lastKnownFileType = sourcecode.swift; path = MenuViewController.swift; sourceTree = "<group>"; };
		2C3745EF2396E59600B046B0 /* MenuView.swift */ = {isa = PBXFileReference; lastKnownFileType = sourcecode.swift; path = MenuView.swift; sourceTree = "<group>"; };
		2C8BD44023A549CF00BF52B2 /* MenuViewModelImpl.swift */ = {isa = PBXFileReference; lastKnownFileType = sourcecode.swift; path = MenuViewModelImpl.swift; sourceTree = "<group>"; };
		2C8BD44223A549E800BF52B2 /* MenuViewModel.swift */ = {isa = PBXFileReference; lastKnownFileType = sourcecode.swift; path = MenuViewModel.swift; sourceTree = "<group>"; };
		2CBED7A923A53AFA002F80C1 /* Router.swift */ = {isa = PBXFileReference; lastKnownFileType = sourcecode.swift; path = Router.swift; sourceTree = "<group>"; };
		2CBED7AB23A53B0E002F80C1 /* RouterImpl.swift */ = {isa = PBXFileReference; lastKnownFileType = sourcecode.swift; path = RouterImpl.swift; sourceTree = "<group>"; };
		2CBED7AD23A53B7F002F80C1 /* ModuleBuilder.swift */ = {isa = PBXFileReference; lastKnownFileType = sourcecode.swift; path = ModuleBuilder.swift; sourceTree = "<group>"; };
		2CBED7B423A541E0002F80C1 /* ListeningViewController.swift */ = {isa = PBXFileReference; lastKnownFileType = sourcecode.swift; path = ListeningViewController.swift; sourceTree = "<group>"; };
		2CBED7B623A5424D002F80C1 /* RouteStep.swift */ = {isa = PBXFileReference; lastKnownFileType = sourcecode.swift; path = RouteStep.swift; sourceTree = "<group>"; };
		2CBED7B823A5426A002F80C1 /* RouteStepImpl.swift */ = {isa = PBXFileReference; lastKnownFileType = sourcecode.swift; path = RouteStepImpl.swift; sourceTree = "<group>"; };
		2CBEE93823A5446C002F80C1 /* ListeningBuilder.swift */ = {isa = PBXFileReference; lastKnownFileType = sourcecode.swift; path = ListeningBuilder.swift; sourceTree = "<group>"; };
		2CC3F481237807EB00FA157C /* SDRling.app */ = {isa = PBXFileReference; explicitFileType = wrapper.application; includeInIndex = 0; path = SDRling.app; sourceTree = BUILT_PRODUCTS_DIR; };
		2CC3F484237807EB00FA157C /* AppDelegate.swift */ = {isa = PBXFileReference; lastKnownFileType = sourcecode.swift; path = AppDelegate.swift; sourceTree = "<group>"; };
		2CC3F486237807EB00FA157C /* ViewController.swift */ = {isa = PBXFileReference; lastKnownFileType = sourcecode.swift; path = ViewController.swift; sourceTree = "<group>"; };
		2CC3F48B237807EC00FA157C /* Assets.xcassets */ = {isa = PBXFileReference; lastKnownFileType = folder.assetcatalog; path = Assets.xcassets; sourceTree = "<group>"; };
		2CC3F48E237807EC00FA157C /* Base */ = {isa = PBXFileReference; lastKnownFileType = file.storyboard; name = Base; path = Base.lproj/LaunchScreen.storyboard; sourceTree = "<group>"; };
		2CC3F490237807EC00FA157C /* Info.plist */ = {isa = PBXFileReference; lastKnownFileType = text.plist.xml; path = Info.plist; sourceTree = "<group>"; };
		2CC3F495237807EC00FA157C /* SDRlingTests.xctest */ = {isa = PBXFileReference; explicitFileType = wrapper.cfbundle; includeInIndex = 0; path = SDRlingTests.xctest; sourceTree = BUILT_PRODUCTS_DIR; };
		2CC3F499237807EC00FA157C /* SDRlingTests.swift */ = {isa = PBXFileReference; lastKnownFileType = sourcecode.swift; path = SDRlingTests.swift; sourceTree = "<group>"; };
		2CC3F49B237807EC00FA157C /* Info.plist */ = {isa = PBXFileReference; lastKnownFileType = text.plist.xml; path = Info.plist; sourceTree = "<group>"; };
		2CDFC6A423E49E1300C8FA2C /* ListeningView.swift */ = {isa = PBXFileReference; lastKnownFileType = sourcecode.swift; path = ListeningView.swift; sourceTree = "<group>"; };
		439227F3EB32FF7873716FE4 /* Pods-SDRlingTests.release.xcconfig */ = {isa = PBXFileReference; includeInIndex = 1; lastKnownFileType = text.xcconfig; name = "Pods-SDRlingTests.release.xcconfig"; path = "Target Support Files/Pods-SDRlingTests/Pods-SDRlingTests.release.xcconfig"; sourceTree = "<group>"; };
		84290205D94776DB69ED3BAA /* Pods-SDRling.debug.xcconfig */ = {isa = PBXFileReference; includeInIndex = 1; lastKnownFileType = text.xcconfig; name = "Pods-SDRling.debug.xcconfig"; path = "Target Support Files/Pods-SDRling/Pods-SDRling.debug.xcconfig"; sourceTree = "<group>"; };
		B780262D92359B6FF2BFC80B /* Pods_SDRling.framework */ = {isa = PBXFileReference; explicitFileType = wrapper.framework; includeInIndex = 0; path = Pods_SDRling.framework; sourceTree = BUILT_PRODUCTS_DIR; };
/* End PBXFileReference section */

/* Begin PBXFrameworksBuildPhase section */
		2CC3F47E237807EB00FA157C /* Frameworks */ = {
			isa = PBXFrameworksBuildPhase;
			buildActionMask = 2147483647;
			files = (
				A5BC85AE12CA7AF6E01EF123 /* Pods_SDRling.framework in Frameworks */,
			);
			runOnlyForDeploymentPostprocessing = 0;
		};
		2CC3F492237807EC00FA157C /* Frameworks */ = {
			isa = PBXFrameworksBuildPhase;
			buildActionMask = 2147483647;
			files = (
				FF0EB4F689F0477C117B1FB1 /* Pods_SDRlingTests.framework in Frameworks */,
			);
			runOnlyForDeploymentPostprocessing = 0;
		};
/* End PBXFrameworksBuildPhase section */

/* Begin PBXGroup section */
		2CBED7A823A53A6A002F80C1 /* Router */ = {
			isa = PBXGroup;
			children = (
				2CBED7A923A53AFA002F80C1 /* Router.swift */,
				2CBED7AB23A53B0E002F80C1 /* RouterImpl.swift */,
				2CBED7B623A5424D002F80C1 /* RouteStep.swift */,
				2CBED7B823A5426A002F80C1 /* RouteStepImpl.swift */,
			);
			path = Router;
			sourceTree = "<group>";
		};
		2CBED7AF23A53C2C002F80C1 /* ModuleBuilder */ = {
			isa = PBXGroup;
			children = (
				2CBED7AD23A53B7F002F80C1 /* ModuleBuilder.swift */,
			);
			path = ModuleBuilder;
			sourceTree = "<group>";
		};
		2CBED7B023A5400D002F80C1 /* Core */ = {
			isa = PBXGroup;
			children = (
				2CBED7AF23A53C2C002F80C1 /* ModuleBuilder */,
				2CBED7A823A53A6A002F80C1 /* Router */,
			);
			path = Core;
			sourceTree = "<group>";
		};
		2CBED7B123A5401E002F80C1 /* Modules */ = {
			isa = PBXGroup;
			children = (
				2CBED7B323A54037002F80C1 /* Listening */,
				2CBED7B223A54028002F80C1 /* Menu */,
			);
			path = Modules;
			sourceTree = "<group>";
		};
		2CBED7B223A54028002F80C1 /* Menu */ = {
			isa = PBXGroup;
			children = (
				2C3745ED2396E55100B046B0 /* MenuViewController.swift */,
				2C8BD44023A549CF00BF52B2 /* MenuViewModelImpl.swift */,
				2C8BD44223A549E800BF52B2 /* MenuViewModel.swift */,
				2C3745EF2396E59600B046B0 /* MenuView.swift */,
			);
			path = Menu;
			sourceTree = "<group>";
		};
		2CBED7B323A54037002F80C1 /* Listening */ = {
			isa = PBXGroup;
			children = (
				2CBED7B423A541E0002F80C1 /* ListeningViewController.swift */,
				2CDFC6A423E49E1300C8FA2C /* ListeningView.swift */,
				2CBEE93823A5446C002F80C1 /* ListeningBuilder.swift */,
			);
			path = Listening;
			sourceTree = "<group>";
		};
		2CC3F478237807EB00FA157C = {
			isa = PBXGroup;
			children = (
				2CC3F483237807EB00FA157C /* SDRling */,
				2CC3F498237807EC00FA157C /* SDRlingTests */,
				2CC3F482237807EB00FA157C /* Products */,
				6C7C1EAD1FBE33636EB04932 /* Pods */,
				75341C273F529A556880B94B /* Frameworks */,
			);
			sourceTree = "<group>";
		};
		2CC3F482237807EB00FA157C /* Products */ = {
			isa = PBXGroup;
			children = (
				2CC3F481237807EB00FA157C /* SDRling.app */,
				2CC3F495237807EC00FA157C /* SDRlingTests.xctest */,
			);
			name = Products;
			sourceTree = "<group>";
		};
		2CC3F483237807EB00FA157C /* SDRling */ = {
			isa = PBXGroup;
			children = (
				2CBED7B123A5401E002F80C1 /* Modules */,
				2CBED7B023A5400D002F80C1 /* Core */,
				2CC3F484237807EB00FA157C /* AppDelegate.swift */,
				2CC3F486237807EB00FA157C /* ViewController.swift */,
				2CC3F48B237807EC00FA157C /* Assets.xcassets */,
				2CC3F48D237807EC00FA157C /* LaunchScreen.storyboard */,
				2CC3F490237807EC00FA157C /* Info.plist */,
			);
			path = SDRling;
			sourceTree = "<group>";
		};
		2CC3F498237807EC00FA157C /* SDRlingTests */ = {
			isa = PBXGroup;
			children = (
				2CC3F499237807EC00FA157C /* SDRlingTests.swift */,
				2CC3F49B237807EC00FA157C /* Info.plist */,
			);
			path = SDRlingTests;
			sourceTree = "<group>";
		};
		6C7C1EAD1FBE33636EB04932 /* Pods */ = {
			isa = PBXGroup;
			children = (
				84290205D94776DB69ED3BAA /* Pods-SDRling.debug.xcconfig */,
				0895EBED3A3DDE4E4150F947 /* Pods-SDRling.release.xcconfig */,
				26B434C564366B284C975CF0 /* Pods-SDRlingTests.debug.xcconfig */,
				439227F3EB32FF7873716FE4 /* Pods-SDRlingTests.release.xcconfig */,
			);
			path = Pods;
			sourceTree = "<group>";
		};
		75341C273F529A556880B94B /* Frameworks */ = {
			isa = PBXGroup;
			children = (
				B780262D92359B6FF2BFC80B /* Pods_SDRling.framework */,
				1637BBD6D49F6F7209EB987F /* Pods_SDRlingTests.framework */,
			);
			name = Frameworks;
			sourceTree = "<group>";
		};
/* End PBXGroup section */

/* Begin PBXNativeTarget section */
		2CC3F480237807EB00FA157C /* SDRling */ = {
			isa = PBXNativeTarget;
			buildConfigurationList = 2CC3F49E237807EC00FA157C /* Build configuration list for PBXNativeTarget "SDRling" */;
			buildPhases = (
				8B087A2C5EA7F516917297C9 /* [CP] Check Pods Manifest.lock */,
				2CC3F47D237807EB00FA157C /* Sources */,
				2CC3F47E237807EB00FA157C /* Frameworks */,
				2CC3F47F237807EB00FA157C /* Resources */,
				57A2CC68ABF9F02F8315C15D /* [CP] Embed Pods Frameworks */,
			);
			buildRules = (
			);
			dependencies = (
			);
			name = SDRling;
			productName = SDRling;
			productReference = 2CC3F481237807EB00FA157C /* SDRling.app */;
			productType = "com.apple.product-type.application";
		};
		2CC3F494237807EC00FA157C /* SDRlingTests */ = {
			isa = PBXNativeTarget;
			buildConfigurationList = 2CC3F4A1237807EC00FA157C /* Build configuration list for PBXNativeTarget "SDRlingTests" */;
			buildPhases = (
				C4D3DA81AEBE8EB7D06B6CBA /* [CP] Check Pods Manifest.lock */,
				2CC3F491237807EC00FA157C /* Sources */,
				2CC3F492237807EC00FA157C /* Frameworks */,
				2CC3F493237807EC00FA157C /* Resources */,
			);
			buildRules = (
			);
			dependencies = (
				2CC3F497237807EC00FA157C /* PBXTargetDependency */,
			);
			name = SDRlingTests;
			productName = SDRlingTests;
			productReference = 2CC3F495237807EC00FA157C /* SDRlingTests.xctest */;
			productType = "com.apple.product-type.bundle.unit-test";
		};
/* End PBXNativeTarget section */

/* Begin PBXProject section */
		2CC3F479237807EB00FA157C /* Project object */ = {
			isa = PBXProject;
			attributes = {
				LastSwiftUpdateCheck = 1030;
				LastUpgradeCheck = 1030;
				ORGANIZATIONNAME = "Ivan Golikov";
				TargetAttributes = {
					2CC3F480237807EB00FA157C = {
						CreatedOnToolsVersion = 10.3;
					};
					2CC3F494237807EC00FA157C = {
						CreatedOnToolsVersion = 10.3;
						TestTargetID = 2CC3F480237807EB00FA157C;
					};
				};
			};
			buildConfigurationList = 2CC3F47C237807EB00FA157C /* Build configuration list for PBXProject "SDRling" */;
			compatibilityVersion = "Xcode 9.3";
			developmentRegion = en;
			hasScannedForEncodings = 0;
			knownRegions = (
				en,
				Base,
			);
			mainGroup = 2CC3F478237807EB00FA157C;
			productRefGroup = 2CC3F482237807EB00FA157C /* Products */;
			projectDirPath = "";
			projectRoot = "";
			targets = (
				2CC3F480237807EB00FA157C /* SDRling */,
				2CC3F494237807EC00FA157C /* SDRlingTests */,
			);
		};
/* End PBXProject section */

/* Begin PBXResourcesBuildPhase section */
		2CC3F47F237807EB00FA157C /* Resources */ = {
			isa = PBXResourcesBuildPhase;
			buildActionMask = 2147483647;
			files = (
				2CC3F48F237807EC00FA157C /* LaunchScreen.storyboard in Resources */,
				2CC3F48C237807EC00FA157C /* Assets.xcassets in Resources */,
			);
			runOnlyForDeploymentPostprocessing = 0;
		};
		2CC3F493237807EC00FA157C /* Resources */ = {
			isa = PBXResourcesBuildPhase;
			buildActionMask = 2147483647;
			files = (
			);
			runOnlyForDeploymentPostprocessing = 0;
		};
/* End PBXResourcesBuildPhase section */

/* Begin PBXShellScriptBuildPhase section */
		57A2CC68ABF9F02F8315C15D /* [CP] Embed Pods Frameworks */ = {
			isa = PBXShellScriptBuildPhase;
			buildActionMask = 2147483647;
			files = (
			);
			inputFileListPaths = (
				"${PODS_ROOT}/Target Support Files/Pods-SDRling/Pods-SDRling-frameworks-${CONFIGURATION}-input-files.xcfilelist",
			);
			name = "[CP] Embed Pods Frameworks";
			outputFileListPaths = (
				"${PODS_ROOT}/Target Support Files/Pods-SDRling/Pods-SDRling-frameworks-${CONFIGURATION}-output-files.xcfilelist",
			);
			runOnlyForDeploymentPostprocessing = 0;
			shellPath = /bin/sh;
			shellScript = "\"${PODS_ROOT}/Target Support Files/Pods-SDRling/Pods-SDRling-frameworks.sh\"\n";
			showEnvVarsInLog = 0;
		};
		8B087A2C5EA7F516917297C9 /* [CP] Check Pods Manifest.lock */ = {
			isa = PBXShellScriptBuildPhase;
			buildActionMask = 2147483647;
			files = (
			);
			inputFileListPaths = (
			);
			inputPaths = (
				"${PODS_PODFILE_DIR_PATH}/Podfile.lock",
				"${PODS_ROOT}/Manifest.lock",
			);
			name = "[CP] Check Pods Manifest.lock";
			outputFileListPaths = (
			);
			outputPaths = (
				"$(DERIVED_FILE_DIR)/Pods-SDRling-checkManifestLockResult.txt",
			);
			runOnlyForDeploymentPostprocessing = 0;
			shellPath = /bin/sh;
			shellScript = "diff \"${PODS_PODFILE_DIR_PATH}/Podfile.lock\" \"${PODS_ROOT}/Manifest.lock\" > /dev/null\nif [ $? != 0 ] ; then\n    # print error to STDERR\n    echo \"error: The sandbox is not in sync with the Podfile.lock. Run 'pod install' or update your CocoaPods installation.\" >&2\n    exit 1\nfi\n# This output is used by Xcode 'outputs' to avoid re-running this script phase.\necho \"SUCCESS\" > \"${SCRIPT_OUTPUT_FILE_0}\"\n";
			showEnvVarsInLog = 0;
		};
		C4D3DA81AEBE8EB7D06B6CBA /* [CP] Check Pods Manifest.lock */ = {
			isa = PBXShellScriptBuildPhase;
			buildActionMask = 2147483647;
			files = (
			);
			inputFileListPaths = (
			);
			inputPaths = (
				"${PODS_PODFILE_DIR_PATH}/Podfile.lock",
				"${PODS_ROOT}/Manifest.lock",
			);
			name = "[CP] Check Pods Manifest.lock";
			outputFileListPaths = (
			);
			outputPaths = (
				"$(DERIVED_FILE_DIR)/Pods-SDRlingTests-checkManifestLockResult.txt",
			);
			runOnlyForDeploymentPostprocessing = 0;
			shellPath = /bin/sh;
			shellScript = "diff \"${PODS_PODFILE_DIR_PATH}/Podfile.lock\" \"${PODS_ROOT}/Manifest.lock\" > /dev/null\nif [ $? != 0 ] ; then\n    # print error to STDERR\n    echo \"error: The sandbox is not in sync with the Podfile.lock. Run 'pod install' or update your CocoaPods installation.\" >&2\n    exit 1\nfi\n# This output is used by Xcode 'outputs' to avoid re-running this script phase.\necho \"SUCCESS\" > \"${SCRIPT_OUTPUT_FILE_0}\"\n";
			showEnvVarsInLog = 0;
		};
/* End PBXShellScriptBuildPhase section */

/* Begin PBXSourcesBuildPhase section */
		2CC3F47D237807EB00FA157C /* Sources */ = {
			isa = PBXSourcesBuildPhase;
			buildActionMask = 2147483647;
			files = (
				2CC3F487237807EB00FA157C /* ViewController.swift in Sources */,
				2C8BD44123A549CF00BF52B2 /* MenuViewModelImpl.swift in Sources */,
				2C3745F02396E59600B046B0 /* MenuView.swift in Sources */,
				2CBED7B723A5424D002F80C1 /* RouteStep.swift in Sources */,
				2CBED7AC23A53B0E002F80C1 /* RouterImpl.swift in Sources */,
				2CBED7AA23A53AFA002F80C1 /* Router.swift in Sources */,
				2CBED7B923A5426A002F80C1 /* RouteStepImpl.swift in Sources */,
				2CBED7B523A541E0002F80C1 /* ListeningViewController.swift in Sources */,
				2CDFC6A523E49E1300C8FA2C /* ListeningView.swift in Sources */,
				2CBED7AE23A53B7F002F80C1 /* ModuleBuilder.swift in Sources */,
				2C3745EE2396E55100B046B0 /* MenuViewController.swift in Sources */,
				2C8BD44323A549E800BF52B2 /* MenuViewModel.swift in Sources */,
				2CC3F485237807EB00FA157C /* AppDelegate.swift in Sources */,
				2CBEE93923A5446C002F80C1 /* ListeningBuilder.swift in Sources */,
			);
			runOnlyForDeploymentPostprocessing = 0;
		};
		2CC3F491237807EC00FA157C /* Sources */ = {
			isa = PBXSourcesBuildPhase;
			buildActionMask = 2147483647;
			files = (
				2CC3F49A237807EC00FA157C /* SDRlingTests.swift in Sources */,
			);
			runOnlyForDeploymentPostprocessing = 0;
		};
/* End PBXSourcesBuildPhase section */

/* Begin PBXTargetDependency section */
		2CC3F497237807EC00FA157C /* PBXTargetDependency */ = {
			isa = PBXTargetDependency;
			target = 2CC3F480237807EB00FA157C /* SDRling */;
			targetProxy = 2CC3F496237807EC00FA157C /* PBXContainerItemProxy */;
		};
/* End PBXTargetDependency section */

/* Begin PBXVariantGroup section */
		2CC3F48D237807EC00FA157C /* LaunchScreen.storyboard */ = {
			isa = PBXVariantGroup;
			children = (
				2CC3F48E237807EC00FA157C /* Base */,
			);
			name = LaunchScreen.storyboard;
			sourceTree = "<group>";
		};
/* End PBXVariantGroup section */

/* Begin XCBuildConfiguration section */
		2CC3F49C237807EC00FA157C /* Debug */ = {
			isa = XCBuildConfiguration;
			buildSettings = {
				ALWAYS_SEARCH_USER_PATHS = NO;
				CLANG_ANALYZER_NONNULL = YES;
				CLANG_ANALYZER_NUMBER_OBJECT_CONVERSION = YES_AGGRESSIVE;
				CLANG_CXX_LANGUAGE_STANDARD = "gnu++14";
				CLANG_CXX_LIBRARY = "libc++";
				CLANG_ENABLE_MODULES = YES;
				CLANG_ENABLE_OBJC_ARC = YES;
				CLANG_ENABLE_OBJC_WEAK = YES;
				CLANG_WARN_BLOCK_CAPTURE_AUTORELEASING = YES;
				CLANG_WARN_BOOL_CONVERSION = YES;
				CLANG_WARN_COMMA = YES;
				CLANG_WARN_CONSTANT_CONVERSION = YES;
				CLANG_WARN_DEPRECATED_OBJC_IMPLEMENTATIONS = YES;
				CLANG_WARN_DIRECT_OBJC_ISA_USAGE = YES_ERROR;
				CLANG_WARN_DOCUMENTATION_COMMENTS = YES;
				CLANG_WARN_EMPTY_BODY = YES;
				CLANG_WARN_ENUM_CONVERSION = YES;
				CLANG_WARN_INFINITE_RECURSION = YES;
				CLANG_WARN_INT_CONVERSION = YES;
				CLANG_WARN_NON_LITERAL_NULL_CONVERSION = YES;
				CLANG_WARN_OBJC_IMPLICIT_RETAIN_SELF = YES;
				CLANG_WARN_OBJC_LITERAL_CONVERSION = YES;
				CLANG_WARN_OBJC_ROOT_CLASS = YES_ERROR;
				CLANG_WARN_RANGE_LOOP_ANALYSIS = YES;
				CLANG_WARN_STRICT_PROTOTYPES = YES;
				CLANG_WARN_SUSPICIOUS_MOVE = YES;
				CLANG_WARN_UNGUARDED_AVAILABILITY = YES_AGGRESSIVE;
				CLANG_WARN_UNREACHABLE_CODE = YES;
				CLANG_WARN__DUPLICATE_METHOD_MATCH = YES;
				CODE_SIGN_IDENTITY = "iPhone Developer";
				COPY_PHASE_STRIP = NO;
				DEBUG_INFORMATION_FORMAT = dwarf;
				ENABLE_STRICT_OBJC_MSGSEND = YES;
				ENABLE_TESTABILITY = YES;
				GCC_C_LANGUAGE_STANDARD = gnu11;
				GCC_DYNAMIC_NO_PIC = NO;
				GCC_NO_COMMON_BLOCKS = YES;
				GCC_OPTIMIZATION_LEVEL = 0;
				GCC_PREPROCESSOR_DEFINITIONS = (
					"DEBUG=1",
					"$(inherited)",
				);
				GCC_WARN_64_TO_32_BIT_CONVERSION = YES;
				GCC_WARN_ABOUT_RETURN_TYPE = YES_ERROR;
				GCC_WARN_UNDECLARED_SELECTOR = YES;
				GCC_WARN_UNINITIALIZED_AUTOS = YES_AGGRESSIVE;
				GCC_WARN_UNUSED_FUNCTION = YES;
				GCC_WARN_UNUSED_VARIABLE = YES;
				IPHONEOS_DEPLOYMENT_TARGET = 12.4;
				MTL_ENABLE_DEBUG_INFO = INCLUDE_SOURCE;
				MTL_FAST_MATH = YES;
				ONLY_ACTIVE_ARCH = YES;
				SDKROOT = iphoneos;
				SWIFT_ACTIVE_COMPILATION_CONDITIONS = DEBUG;
				SWIFT_OPTIMIZATION_LEVEL = "-Onone";
			};
			name = Debug;
		};
		2CC3F49D237807EC00FA157C /* Release */ = {
			isa = XCBuildConfiguration;
			buildSettings = {
				ALWAYS_SEARCH_USER_PATHS = NO;
				CLANG_ANALYZER_NONNULL = YES;
				CLANG_ANALYZER_NUMBER_OBJECT_CONVERSION = YES_AGGRESSIVE;
				CLANG_CXX_LANGUAGE_STANDARD = "gnu++14";
				CLANG_CXX_LIBRARY = "libc++";
				CLANG_ENABLE_MODULES = YES;
				CLANG_ENABLE_OBJC_ARC = YES;
				CLANG_ENABLE_OBJC_WEAK = YES;
				CLANG_WARN_BLOCK_CAPTURE_AUTORELEASING = YES;
				CLANG_WARN_BOOL_CONVERSION = YES;
				CLANG_WARN_COMMA = YES;
				CLANG_WARN_CONSTANT_CONVERSION = YES;
				CLANG_WARN_DEPRECATED_OBJC_IMPLEMENTATIONS = YES;
				CLANG_WARN_DIRECT_OBJC_ISA_USAGE = YES_ERROR;
				CLANG_WARN_DOCUMENTATION_COMMENTS = YES;
				CLANG_WARN_EMPTY_BODY = YES;
				CLANG_WARN_ENUM_CONVERSION = YES;
				CLANG_WARN_INFINITE_RECURSION = YES;
				CLANG_WARN_INT_CONVERSION = YES;
				CLANG_WARN_NON_LITERAL_NULL_CONVERSION = YES;
				CLANG_WARN_OBJC_IMPLICIT_RETAIN_SELF = YES;
				CLANG_WARN_OBJC_LITERAL_CONVERSION = YES;
				CLANG_WARN_OBJC_ROOT_CLASS = YES_ERROR;
				CLANG_WARN_RANGE_LOOP_ANALYSIS = YES;
				CLANG_WARN_STRICT_PROTOTYPES = YES;
				CLANG_WARN_SUSPICIOUS_MOVE = YES;
				CLANG_WARN_UNGUARDED_AVAILABILITY = YES_AGGRESSIVE;
				CLANG_WARN_UNREACHABLE_CODE = YES;
				CLANG_WARN__DUPLICATE_METHOD_MATCH = YES;
				CODE_SIGN_IDENTITY = "iPhone Developer";
				COPY_PHASE_STRIP = NO;
				DEBUG_INFORMATION_FORMAT = "dwarf-with-dsym";
				ENABLE_NS_ASSERTIONS = NO;
				ENABLE_STRICT_OBJC_MSGSEND = YES;
				GCC_C_LANGUAGE_STANDARD = gnu11;
				GCC_NO_COMMON_BLOCKS = YES;
				GCC_WARN_64_TO_32_BIT_CONVERSION = YES;
				GCC_WARN_ABOUT_RETURN_TYPE = YES_ERROR;
				GCC_WARN_UNDECLARED_SELECTOR = YES;
				GCC_WARN_UNINITIALIZED_AUTOS = YES_AGGRESSIVE;
				GCC_WARN_UNUSED_FUNCTION = YES;
				GCC_WARN_UNUSED_VARIABLE = YES;
				IPHONEOS_DEPLOYMENT_TARGET = 12.4;
				MTL_ENABLE_DEBUG_INFO = NO;
				MTL_FAST_MATH = YES;
				SDKROOT = iphoneos;
				SWIFT_COMPILATION_MODE = wholemodule;
				SWIFT_OPTIMIZATION_LEVEL = "-O";
				VALIDATE_PRODUCT = YES;
			};
			name = Release;
		};
		2CC3F49F237807EC00FA157C /* Debug */ = {
			isa = XCBuildConfiguration;
			baseConfigurationReference = 84290205D94776DB69ED3BAA /* Pods-SDRling.debug.xcconfig */;
			buildSettings = {
				ASSETCATALOG_COMPILER_APPICON_NAME = AppIcon;
				CODE_SIGN_STYLE = Automatic;
				DEVELOPMENT_TEAM = WZ27824WW9;
				INFOPLIST_FILE = SDRling/Info.plist;
				LD_RUNPATH_SEARCH_PATHS = (
					"$(inherited)",
					"@executable_path/Frameworks",
				);
				PRODUCT_BUNDLE_IDENTIFIER = jp.ivan.SDRling;
				PRODUCT_NAME = "$(TARGET_NAME)";
				SWIFT_VERSION = 5.0;
				TARGETED_DEVICE_FAMILY = "1,2";
			};
			name = Debug;
		};
		2CC3F4A0237807EC00FA157C /* Release */ = {
			isa = XCBuildConfiguration;
			baseConfigurationReference = 0895EBED3A3DDE4E4150F947 /* Pods-SDRling.release.xcconfig */;
			buildSettings = {
				ASSETCATALOG_COMPILER_APPICON_NAME = AppIcon;
				CODE_SIGN_STYLE = Automatic;
				DEVELOPMENT_TEAM = WZ27824WW9;
				INFOPLIST_FILE = SDRling/Info.plist;
				LD_RUNPATH_SEARCH_PATHS = (
					"$(inherited)",
					"@executable_path/Frameworks",
				);
				PRODUCT_BUNDLE_IDENTIFIER = jp.ivan.SDRling;
				PRODUCT_NAME = "$(TARGET_NAME)";
				SWIFT_VERSION = 5.0;
				TARGETED_DEVICE_FAMILY = "1,2";
			};
			name = Release;
		};
		2CC3F4A2237807EC00FA157C /* Debug */ = {
			isa = XCBuildConfiguration;
			baseConfigurationReference = 26B434C564366B284C975CF0 /* Pods-SDRlingTests.debug.xcconfig */;
			buildSettings = {
				ALWAYS_EMBED_SWIFT_STANDARD_LIBRARIES = YES;
				BUNDLE_LOADER = "$(TEST_HOST)";
				CODE_SIGN_STYLE = Automatic;
				DEVELOPMENT_TEAM = WZ27824WW9;
				INFOPLIST_FILE = SDRlingTests/Info.plist;
				LD_RUNPATH_SEARCH_PATHS = (
					"$(inherited)",
					"@executable_path/Frameworks",
					"@loader_path/Frameworks",
				);
				PRODUCT_BUNDLE_IDENTIFIER = jp.ivan.SDRlingTests;
				PRODUCT_NAME = "$(TARGET_NAME)";
				SWIFT_VERSION = 5.0;
				TARGETED_DEVICE_FAMILY = "1,2";
				TEST_HOST = "$(BUILT_PRODUCTS_DIR)/SDRling.app/SDRling";
			};
			name = Debug;
		};
		2CC3F4A3237807EC00FA157C /* Release */ = {
			isa = XCBuildConfiguration;
			baseConfigurationReference = 439227F3EB32FF7873716FE4 /* Pods-SDRlingTests.release.xcconfig */;
			buildSettings = {
				ALWAYS_EMBED_SWIFT_STANDARD_LIBRARIES = YES;
				BUNDLE_LOADER = "$(TEST_HOST)";
				CODE_SIGN_STYLE = Automatic;
				DEVELOPMENT_TEAM = WZ27824WW9;
				INFOPLIST_FILE = SDRlingTests/Info.plist;
				LD_RUNPATH_SEARCH_PATHS = (
					"$(inherited)",
					"@executable_path/Frameworks",
					"@loader_path/Frameworks",
				);
				PRODUCT_BUNDLE_IDENTIFIER = jp.ivan.SDRlingTests;
				PRODUCT_NAME = "$(TARGET_NAME)";
				SWIFT_VERSION = 5.0;
				TARGETED_DEVICE_FAMILY = "1,2";
				TEST_HOST = "$(BUILT_PRODUCTS_DIR)/SDRling.app/SDRling";
			};
			name = Release;
		};
/* End XCBuildConfiguration section */

/* Begin XCConfigurationList section */
		2CC3F47C237807EB00FA157C /* Build configuration list for PBXProject "SDRling" */ = {
			isa = XCConfigurationList;
			buildConfigurations = (
				2CC3F49C237807EC00FA157C /* Debug */,
				2CC3F49D237807EC00FA157C /* Release */,
			);
			defaultConfigurationIsVisible = 0;
			defaultConfigurationName = Release;
		};
		2CC3F49E237807EC00FA157C /* Build configuration list for PBXNativeTarget "SDRling" */ = {
			isa = XCConfigurationList;
			buildConfigurations = (
				2CC3F49F237807EC00FA157C /* Debug */,
				2CC3F4A0237807EC00FA157C /* Release */,
			);
			defaultConfigurationIsVisible = 0;
			defaultConfigurationName = Release;
		};
		2CC3F4A1237807EC00FA157C /* Build configuration list for PBXNativeTarget "SDRlingTests" */ = {
			isa = XCConfigurationList;
			buildConfigurations = (
				2CC3F4A2237807EC00FA157C /* Debug */,
				2CC3F4A3237807EC00FA157C /* Release */,
			);
			defaultConfigurationIsVisible = 0;
			defaultConfigurationName = Release;
		};
/* End XCConfigurationList section */
	};
	rootObject = 2CC3F479237807EB00FA157C /* Project object */;
}
