PODS:
  - RouteComposer (2.7.1)
  - RxCocoa (5.1.1):
    - RxRelay (~> 5)
    - RxSwift (~> 5)
  - RxRelay (5.1.1):
    - RxSwift (~> 5)
  - RxSwift (5.1.2)
  - Starscream (4.0.4)

DEPENDENCIES:
  - RouteComposer
  - RxCocoa (~> 5)
  - RxSwift (~> 5)
  - Starscream

SPEC REPOS:
  trunk:
    - RouteComposer
    - RxCocoa
    - RxRelay
    - RxSwift
    - Starscream

SPEC CHECKSUMS:
  RouteComposer: 25125015ad0367316f7e2dc507316dad857d6712
  RxCocoa: 32065309a38d29b5b0db858819b5bf9ef038b601
  RxRelay: d77f7d771495f43c556cbc43eebd1bb54d01e8e9
  RxSwift: 1e2e1f9570186967f617e49128ed26ccf1bafc8e
  Starscream: 5178aed56b316f13fa3bc55694e583d35dd414d9

PODFILE CHECKSUM: b21a99589ca72c75f246c3f1cf902f4e85499117

COCOAPODS: 1.10.1
