PODS:
  - RouteComposer (2.6.1)
  - RxCocoa (5.1.1):
    - RxRelay (~> 5)
    - RxSwift (~> 5)
  - RxRelay (5.1.1):
    - RxSwift (~> 5)
  - RxSwift (5.1.1)
  - Starscream (4.0.4)

DEPENDENCIES:
  - RouteComposer
  - RxCocoa (~> 5)
  - RxSwift (~> 5)
  - Starscream

SPEC REPOS:
  trunk:
    - RouteComposer
    - RxCocoa
    - RxRelay
    - RxSwift
    - Starscream

SPEC CHECKSUMS:
  RouteComposer: 4f1e50b0a2f72ec0f217c5bbfa6de227c56c1d15
  RxCocoa: 32065309a38d29b5b0db858819b5bf9ef038b601
  RxRelay: d77f7d771495f43c556cbc43eebd1bb54d01e8e9
  RxSwift: 81470a2074fa8780320ea5fe4102807cb7118178
  Starscream: 5178aed56b316f13fa3bc55694e583d35dd414d9

PODFILE CHECKSUM: 92375f443d3e047109699ce253934b86f3f8e8a0

COCOAPODS: 1.9.3
