PODS:
  - RouteComposer (2.6.0)
  - RxCocoa (5.1.1):
    - RxRelay (~> 5)
    - RxSwift (~> 5)
  - RxRelay (5.1.1):
    - RxSwift (~> 5)
  - RxSwift (5.1.1)
  - Starscream (4.0.3)

DEPENDENCIES:
  - RouteComposer
  - RxCocoa (~> 5)
  - RxSwift (~> 5)
  - Starscream

SPEC REPOS:
  trunk:
    - RouteComposer
    - RxCocoa
    - RxRelay
    - RxSwift
    - Starscream

SPEC CHECKSUMS:
  RouteComposer: 6e8fbb70acc07594b0e26360f978336d78e93e7a
  RxCocoa: 32065309a38d29b5b0db858819b5bf9ef038b601
  RxRelay: d77f7d771495f43c556cbc43eebd1bb54d01e8e9
  RxSwift: 81470a2074fa8780320ea5fe4102807cb7118178
  Starscream: ef06f0961fff0880bca0604416d61141e4faca67

PODFILE CHECKSUM: 92375f443d3e047109699ce253934b86f3f8e8a0

COCOAPODS: 1.9.3
